
Microsoft Visual Studio Solution File, Format Version 12.00
# Visual Studio Version 17
VisualStudioVersion = 17.7.34221.43
MinimumVisualStudioVersion = 10.0.40219.1
Project("{8BC9CEB8-8B4A-11D0-8D11-00A0C91BC942}") = "SciTE", "SciTE.vcxproj", "{5641EA06-A73C-4297-B287-48B40850C708}"
EndProject
Project("{8BC9CEB8-8B4A-11D0-8D11-00A0C91BC942}") = "events", "..\..\events\events.vcxproj", "{9131C4E6-7CFF-4B9D-A2DC-22BCF566EB41}"
EndProject
Project("{8BC9CEB8-8B4A-11D0-8D11-00A0C91BC942}") = "gui", "..\..\gui\gui.vcxproj", "{A18F9F66-AE21-4DB9-A770-43B282EE758D}"
EndProject
Project("{8BC9CEB8-8B4A-11D0-8D11-00A0C91BC942}") = "cool", "..\..\iconlib\cool\cool.vcxproj", "{C0D28C74-0B2D-4530-ABDA-DC27E6ED558C}"
EndProject
Project("{8BC9CEB8-8B4A-11D0-8D11-00A0C91BC942}") = "gnome", "..\..\iconlib\gnome\gnome.vcxproj", "{1C44478C-CC8A-49C7-A656-28B90CA022B9}"
EndProject
Project("{8BC9CEB8-8B4A-11D0-8D11-00A0C91BC942}") = "lfs", "..\..\lfs\lfs.vcxproj", "{0BC1C22A-C9FF-4856-AF72-84F999815ACF}"
EndProject
Project("{8BC9CEB8-8B4A-11D0-8D11-00A0C91BC942}") = "lpeg", "..\..\lpeg\lpeg.vcxproj", "{0A89CB70-CD42-402A-9881-D3AA22CEB642}"
EndProject
Project("{8BC9CEB8-8B4A-11D0-8D11-00A0C91BC942}") = "lua54", "..\..\lualib\lua\lua54.vcxproj", "{55158ED9-C103-4F39-B2FC-850EAB57A470}"
EndProject
Project("{8BC9CEB8-8B4A-11D0-8D11-00A0C91BC942}") = "shell", "..\..\shell\shell.vcxproj", "{2BB4B133-8CE4-4558-BF89-213568F15260}"
EndProject
Project("{8BC9CEB8-8B4A-11D0-8D11-00A0C91BC942}") = "utf", "..\..\utf\utf.vcxproj", "{DD56172C-C576-4710-8834-EC4BDA9C449B}"
EndProject
Project("{8BC9CEB8-8B4A-11D0-8D11-00A0C91BC942}") = "winreg", "..\..\winreg\winreg.vcxproj", "{4154EFEC-001D-4B5B-960B-64A3634010D5}"
EndProject
Project("{2150E333-8FDC-42A3-9474-1A3956D46DE8}") = "icons_libs", "icons_libs", "{AE483D4A-A501-48DE-BCAD-7C1B0BF1064C}"
EndProject
Project("{2150E333-8FDC-42A3-9474-1A3956D46DE8}") = "lua_libs", "lua_libs", "{4A49FDF1-640A-4E57-A4A5-A7F055C3FEC2}"
EndProject
Project("{8BC9CEB8-8B4A-11D0-8D11-00A0C91BC942}") = "lua", "..\..\lua\lua.vcxproj", "{9B58F25E-A5BC-4E79-9821-188F74CBCE6F}"
EndProject
Global
	GlobalSection(SolutionConfigurationPlatforms) = preSolution
		Debug|x64 = Debug|x64
		Debug|x86 = Debug|x86
		Release|x64 = Release|x64
		Release|x86 = Release|x86
	EndGlobalSection
	GlobalSection(ProjectConfigurationPlatforms) = postSolution
		{5641EA06-A73C-4297-B287-48B40850C708}.Debug|x64.ActiveCfg = Debug|x64
		{5641EA06-A73C-4297-B287-48B40850C708}.Debug|x64.Build.0 = Debug|x64
		{5641EA06-A73C-4297-B287-48B40850C708}.Debug|x86.ActiveCfg = Debug|Win32
		{5641EA06-A73C-4297-B287-48B40850C708}.Debug|x86.Build.0 = Debug|Win32
		{5641EA06-A73C-4297-B287-48B40850C708}.Release|x64.ActiveCfg = Release|x64
		{5641EA06-A73C-4297-B287-48B40850C708}.Release|x64.Build.0 = Release|x64
		{5641EA06-A73C-4297-B287-48B40850C708}.Release|x86.ActiveCfg = Release|Win32
		{5641EA06-A73C-4297-B287-48B40850C708}.Release|x86.Build.0 = Release|Win32
		{9131C4E6-7CFF-4B9D-A2DC-22BCF566EB41}.Debug|x64.ActiveCfg = Debug|x64
		{9131C4E6-7CFF-4B9D-A2DC-22BCF566EB41}.Debug|x64.Build.0 = Debug|x64
		{9131C4E6-7CFF-4B9D-A2DC-22BCF566EB41}.Debug|x86.ActiveCfg = Debug|Win32
		{9131C4E6-7CFF-4B9D-A2DC-22BCF566EB41}.Debug|x86.Build.0 = Debug|Win32
		{9131C4E6-7CFF-4B9D-A2DC-22BCF566EB41}.Release|x64.ActiveCfg = Release|x64
		{9131C4E6-7CFF-4B9D-A2DC-22BCF566EB41}.Release|x64.Build.0 = Release|x64
		{9131C4E6-7CFF-4B9D-A2DC-22BCF566EB41}.Release|x86.ActiveCfg = Release|Win32
		{9131C4E6-7CFF-4B9D-A2DC-22BCF566EB41}.Release|x86.Build.0 = Release|Win32
		{A18F9F66-AE21-4DB9-A770-43B282EE758D}.Debug|x64.ActiveCfg = Debug|x64
		{A18F9F66-AE21-4DB9-A770-43B282EE758D}.Debug|x64.Build.0 = Debug|x64
		{A18F9F66-AE21-4DB9-A770-43B282EE758D}.Debug|x86.ActiveCfg = Debug|Win32
		{A18F9F66-AE21-4DB9-A770-43B282EE758D}.Debug|x86.Build.0 = Debug|Win32
		{A18F9F66-AE21-4DB9-A770-43B282EE758D}.Release|x64.ActiveCfg = Release|x64
		{A18F9F66-AE21-4DB9-A770-43B282EE758D}.Release|x64.Build.0 = Release|x64
		{A18F9F66-AE21-4DB9-A770-43B282EE758D}.Release|x86.ActiveCfg = Release|Win32
		{A18F9F66-AE21-4DB9-A770-43B282EE758D}.Release|x86.Build.0 = Release|Win32
		{C0D28C74-0B2D-4530-ABDA-DC27E6ED558C}.Debug|x64.ActiveCfg = Debug|x64
		{C0D28C74-0B2D-4530-ABDA-DC27E6ED558C}.Debug|x64.Build.0 = Debug|x64
		{C0D28C74-0B2D-4530-ABDA-DC27E6ED558C}.Debug|x86.ActiveCfg = Debug|Win32
		{C0D28C74-0B2D-4530-ABDA-DC27E6ED558C}.Debug|x86.Build.0 = Debug|Win32
		{C0D28C74-0B2D-4530-ABDA-DC27E6ED558C}.Release|x64.ActiveCfg = Release|x64
		{C0D28C74-0B2D-4530-ABDA-DC27E6ED558C}.Release|x64.Build.0 = Release|x64
		{C0D28C74-0B2D-4530-ABDA-DC27E6ED558C}.Release|x86.ActiveCfg = Release|Win32
		{C0D28C74-0B2D-4530-ABDA-DC27E6ED558C}.Release|x86.Build.0 = Release|Win32
		{1C44478C-CC8A-49C7-A656-28B90CA022B9}.Debug|x64.ActiveCfg = Debug|x64
		{1C44478C-CC8A-49C7-A656-28B90CA022B9}.Debug|x64.Build.0 = Debug|x64
		{1C44478C-CC8A-49C7-A656-28B90CA022B9}.Debug|x86.ActiveCfg = Debug|Win32
		{1C44478C-CC8A-49C7-A656-28B90CA022B9}.Debug|x86.Build.0 = Debug|Win32
		{1C44478C-CC8A-49C7-A656-28B90CA022B9}.Release|x64.ActiveCfg = Release|x64
		{1C44478C-CC8A-49C7-A656-28B90CA022B9}.Release|x64.Build.0 = Release|x64
		{1C44478C-CC8A-49C7-A656-28B90CA022B9}.Release|x86.ActiveCfg = Release|Win32
		{1C44478C-CC8A-49C7-A656-28B90CA022B9}.Release|x86.Build.0 = Release|Win32
		{0BC1C22A-C9FF-4856-AF72-84F999815ACF}.Debug|x64.ActiveCfg = Debug|x64
		{0BC1C22A-C9FF-4856-AF72-84F999815ACF}.Debug|x64.Build.0 = Debug|x64
		{0BC1C22A-C9FF-4856-AF72-84F999815ACF}.Debug|x86.ActiveCfg = Debug|Win32
		{0BC1C22A-C9FF-4856-AF72-84F999815ACF}.Debug|x86.Build.0 = Debug|Win32
		{0BC1C22A-C9FF-4856-AF72-84F999815ACF}.Release|x64.ActiveCfg = Release|x64
		{0BC1C22A-C9FF-4856-AF72-84F999815ACF}.Release|x64.Build.0 = Release|x64
		{0BC1C22A-C9FF-4856-AF72-84F999815ACF}.Release|x86.ActiveCfg = Release|Win32
		{0BC1C22A-C9FF-4856-AF72-84F999815ACF}.Release|x86.Build.0 = Release|Win32
		{0A89CB70-CD42-402A-9881-D3AA22CEB642}.Debug|x64.ActiveCfg = Debug|x64
		{0A89CB70-CD42-402A-9881-D3AA22CEB642}.Debug|x64.Build.0 = Debug|x64
		{0A89CB70-CD42-402A-9881-D3AA22CEB642}.Debug|x86.ActiveCfg = Debug|Win32
		{0A89CB70-CD42-402A-9881-D3AA22CEB642}.Debug|x86.Build.0 = Debug|Win32
		{0A89CB70-CD42-402A-9881-D3AA22CEB642}.Release|x64.ActiveCfg = Release|x64
		{0A89CB70-CD42-402A-9881-D3AA22CEB642}.Release|x64.Build.0 = Release|x64
		{0A89CB70-CD42-402A-9881-D3AA22CEB642}.Release|x86.ActiveCfg = Release|Win32
		{0A89CB70-CD42-402A-9881-D3AA22CEB642}.Release|x86.Build.0 = Release|Win32
		{55158ED9-C103-4F39-B2FC-850EAB57A470}.Debug|x64.ActiveCfg = Debug|x64
		{55158ED9-C103-4F39-B2FC-850EAB57A470}.Debug|x64.Build.0 = Debug|x64
		{55158ED9-C103-4F39-B2FC-850EAB57A470}.Debug|x86.ActiveCfg = Debug|Win32
		{55158ED9-C103-4F39-B2FC-850EAB57A470}.Debug|x86.Build.0 = Debug|Win32
		{55158ED9-C103-4F39-B2FC-850EAB57A470}.Release|x64.ActiveCfg = Release|x64
		{55158ED9-C103-4F39-B2FC-850EAB57A470}.Release|x64.Build.0 = Release|x64
		{55158ED9-C103-4F39-B2FC-850EAB57A470}.Release|x86.ActiveCfg = Release|Win32
		{55158ED9-C103-4F39-B2FC-850EAB57A470}.Release|x86.Build.0 = Release|Win32
		{2BB4B133-8CE4-4558-BF89-213568F15260}.Debug|x64.ActiveCfg = Debug|x64
		{2BB4B133-8CE4-4558-BF89-213568F15260}.Debug|x64.Build.0 = Debug|x64
		{2BB4B133-8CE4-4558-BF89-213568F15260}.Debug|x86.ActiveCfg = Debug|Win32
		{2BB4B133-8CE4-4558-BF89-213568F15260}.Debug|x86.Build.0 = Debug|Win32
		{2BB4B133-8CE4-4558-BF89-213568F15260}.Release|x64.ActiveCfg = Release|x64
		{2BB4B133-8CE4-4558-BF89-213568F15260}.Release|x64.Build.0 = Release|x64
		{2BB4B133-8CE4-4558-BF89-213568F15260}.Release|x86.ActiveCfg = Release|Win32
		{2BB4B133-8CE4-4558-BF89-213568F15260}.Release|x86.Build.0 = Release|Win32
		{DD56172C-C576-4710-8834-EC4BDA9C449B}.Debug|x64.ActiveCfg = Debug|x64
		{DD56172C-C576-4710-8834-EC4BDA9C449B}.Debug|x64.Build.0 = Debug|x64
		{DD56172C-C576-4710-8834-EC4BDA9C449B}.Debug|x86.ActiveCfg = Debug|Win32
		{DD56172C-C576-4710-8834-EC4BDA9C449B}.Debug|x86.Build.0 = Debug|Win32
		{DD56172C-C576-4710-8834-EC4BDA9C449B}.Release|x64.ActiveCfg = Release|x64
		{DD56172C-C576-4710-8834-EC4BDA9C449B}.Release|x64.Build.0 = Release|x64
		{DD56172C-C576-4710-8834-EC4BDA9C449B}.Release|x86.ActiveCfg = Release|Win32
		{DD56172C-C576-4710-8834-EC4BDA9C449B}.Release|x86.Build.0 = Release|Win32
		{4154EFEC-001D-4B5B-960B-64A3634010D5}.Debug|x64.ActiveCfg = Debug|x64
		{4154EFEC-001D-4B5B-960B-64A3634010D5}.Debug|x64.Build.0 = Debug|x64
		{4154EFEC-001D-4B5B-960B-64A3634010D5}.Debug|x86.ActiveCfg = Debug|Win32
		{4154EFEC-001D-4B5B-960B-64A3634010D5}.Debug|x86.Build.0 = Debug|Win32
		{4154EFEC-001D-4B5B-960B-64A3634010D5}.Release|x64.ActiveCfg = Release|x64
		{4154EFEC-001D-4B5B-960B-64A3634010D5}.Release|x64.Build.0 = Release|x64
		{4154EFEC-001D-4B5B-960B-64A3634010D5}.Release|x86.ActiveCfg = Release|Win32
		{4154EFEC-001D-4B5B-960B-64A3634010D5}.Release|x86.Build.0 = Release|Win32
		{9B58F25E-A5BC-4E79-9821-188F74CBCE6F}.Debug|x64.ActiveCfg = Debug|x64
		{9B58F25E-A5BC-4E79-9821-188F74CBCE6F}.Debug|x64.Build.0 = Debug|x64
		{9B58F25E-A5BC-4E79-9821-188F74CBCE6F}.Debug|x86.ActiveCfg = Debug|Win32
		{9B58F25E-A5BC-4E79-9821-188F74CBCE6F}.Debug|x86.Build.0 = Debug|Win32
		{9B58F25E-A5BC-4E79-9821-188F74CBCE6F}.Release|x64.ActiveCfg = Release|x64
		{9B58F25E-A5BC-4E79-9821-188F74CBCE6F}.Release|x64.Build.0 = Release|x64
		{9B58F25E-A5BC-4E79-9821-188F74CBCE6F}.Release|x86.ActiveCfg = Release|Win32
		{9B58F25E-A5BC-4E79-9821-188F74CBCE6F}.Release|x86.Build.0 = Release|Win32
	EndGlobalSection
	GlobalSection(SolutionProperties) = preSolution
		HideSolutionNode = FALSE
	EndGlobalSection
	GlobalSection(NestedProjects) = preSolution
		{9131C4E6-7CFF-4B9D-A2DC-22BCF566EB41} = {4A49FDF1-640A-4E57-A4A5-A7F055C3FEC2}
		{A18F9F66-AE21-4DB9-A770-43B282EE758D} = {4A49FDF1-640A-4E57-A4A5-A7F055C3FEC2}
		{C0D28C74-0B2D-4530-ABDA-DC27E6ED558C} = {AE483D4A-A501-48DE-BCAD-7C1B0BF1064C}
		{1C44478C-CC8A-49C7-A656-28B90CA022B9} = {AE483D4A-A501-48DE-BCAD-7C1B0BF1064C}
		{0BC1C22A-C9FF-4856-AF72-84F999815ACF} = {4A49FDF1-640A-4E57-A4A5-A7F055C3FEC2}
		{0A89CB70-CD42-402A-9881-D3AA22CEB642} = {4A49FDF1-640A-4E57-A4A5-A7F055C3FEC2}
		{2BB4B133-8CE4-4558-BF89-213568F15260} = {4A49FDF1-640A-4E57-A4A5-A7F055C3FEC2}
		{DD56172C-C576-4710-8834-EC4BDA9C449B} = {4A49FDF1-640A-4E57-A4A5-A7F055C3FEC2}
		{4154EFEC-001D-4B5B-960B-64A3634010D5} = {4A49FDF1-640A-4E57-A4A5-A7F055C3FEC2}
	EndGlobalSection
	GlobalSection(ExtensibilityGlobals) = postSolution
		SolutionGuid = {C736E5EB-EC19-421E-93DB-4EAB991EFFE9}
	EndGlobalSection
EndGlobal
